
Microsoft Visual Studio Solution File, Format Version 12.00
Project("{FAE04EC0-301F-11D3-BF4B-00C04F79EFBC}") = "Lab2plus3", "Lab2plus3\Lab2plus3.csproj", "{E8FAEFA6-3D09-4E0A-8E97-5DDCF85BFC41}"
EndProject
Project("{FAE04EC0-301F-11D3-BF4B-00C04F79EFBC}") = "ConsoleAppTest", "ConsoleAppTest\ConsoleAppTest.csproj", "{0888C551-220E-4F15-9EDC-4A23FDAE62D0}"
EndProject
Global
	GlobalSection(SolutionConfigurationPlatforms) = preSolution
		Debug|Any CPU = Debug|Any CPU
		Release|Any CPU = Release|Any CPU
	EndGlobalSection
	GlobalSection(ProjectConfigurationPlatforms) = postSolution
		{E8FAEFA6-3D09-4E0A-8E97-5DDCF85BFC41}.Debug|Any CPU.ActiveCfg = Debug|Any CPU
		{E8FAEFA6-3D09-4E0A-8E97-5DDCF85BFC41}.Debug|Any CPU.Build.0 = Debug|Any CPU
		{E8FAEFA6-3D09-4E0A-8E97-5DDCF85BFC41}.Release|Any CPU.ActiveCfg = Release|Any CPU
		{E8FAEFA6-3D09-4E0A-8E97-5DDCF85BFC41}.Release|Any CPU.Build.0 = Release|Any CPU
		{0888C551-220E-4F15-9EDC-4A23FDAE62D0}.Debug|Any CPU.ActiveCfg = Debug|Any CPU
		{0888C551-220E-4F15-9EDC-4A23FDAE62D0}.Debug|Any CPU.Build.0 = Debug|Any CPU
		{0888C551-220E-4F15-9EDC-4A23FDAE62D0}.Release|Any CPU.ActiveCfg = Release|Any CPU
		{0888C551-220E-4F15-9EDC-4A23FDAE62D0}.Release|Any CPU.Build.0 = Release|Any CPU
	EndGlobalSection
EndGlobal
