
Microsoft Visual Studio Solution File, Format Version 12.00
# Visual Studio Version 17
VisualStudioVersion = 17.2.32616.157
MinimumVisualStudioVersion = 10.0.40219.1
Project("{FAE04EC0-301F-11D3-BF4B-00C04F79EFBC}") = "Lab5_Demography", "Lab5_Demography\Lab5_Demography.csproj", "{DA8238D2-079B-4F68-8379-A4AB7AA1E4D1}"
EndProject
Project("{FAE04EC0-301F-11D3-BF4B-00C04F79EFBC}") = "FileReader", "FileReader\FileReader.csproj", "{0B8208FF-5128-4AAE-9F6E-968495E0B3B9}"
EndProject
Project("{FAE04EC0-301F-11D3-BF4B-00C04F79EFBC}") = "DemograqpicEngine", "DemograqpicEngine\DemograqpicEngine.csproj", "{50DB4BCE-1C6C-49B2-BDC5-ACEA4B84E088}"
EndProject
Global
	GlobalSection(SolutionConfigurationPlatforms) = preSolution
		Debug|Any CPU = Debug|Any CPU
		Release|Any CPU = Release|Any CPU
	EndGlobalSection
	GlobalSection(ProjectConfigurationPlatforms) = postSolution
		{DA8238D2-079B-4F68-8379-A4AB7AA1E4D1}.Debug|Any CPU.ActiveCfg = Debug|Any CPU
		{DA8238D2-079B-4F68-8379-A4AB7AA1E4D1}.Debug|Any CPU.Build.0 = Debug|Any CPU
		{DA8238D2-079B-4F68-8379-A4AB7AA1E4D1}.Release|Any CPU.ActiveCfg = Release|Any CPU
		{DA8238D2-079B-4F68-8379-A4AB7AA1E4D1}.Release|Any CPU.Build.0 = Release|Any CPU
		{0B8208FF-5128-4AAE-9F6E-968495E0B3B9}.Debug|Any CPU.ActiveCfg = Debug|Any CPU
		{0B8208FF-5128-4AAE-9F6E-968495E0B3B9}.Debug|Any CPU.Build.0 = Debug|Any CPU
		{0B8208FF-5128-4AAE-9F6E-968495E0B3B9}.Release|Any CPU.ActiveCfg = Release|Any CPU
		{0B8208FF-5128-4AAE-9F6E-968495E0B3B9}.Release|Any CPU.Build.0 = Release|Any CPU
		{50DB4BCE-1C6C-49B2-BDC5-ACEA4B84E088}.Debug|Any CPU.ActiveCfg = Debug|Any CPU
		{50DB4BCE-1C6C-49B2-BDC5-ACEA4B84E088}.Debug|Any CPU.Build.0 = Debug|Any CPU
		{50DB4BCE-1C6C-49B2-BDC5-ACEA4B84E088}.Release|Any CPU.ActiveCfg = Release|Any CPU
		{50DB4BCE-1C6C-49B2-BDC5-ACEA4B84E088}.Release|Any CPU.Build.0 = Release|Any CPU
	EndGlobalSection
	GlobalSection(SolutionProperties) = preSolution
		HideSolutionNode = FALSE
	EndGlobalSection
	GlobalSection(ExtensibilityGlobals) = postSolution
		SolutionGuid = {FE36E395-2510-4674-9303-00195081342B}
	EndGlobalSection
EndGlobal
